
Microsoft Visual Studio Solution File, Format Version 12.00
# Visual Studio 14
VisualStudioVersion = 14.0.24720.0
MinimumVisualStudioVersion = 10.0.40219.1
Project("{FAE04EC0-301F-11D3-BF4B-00C04F79EFBC}") = "LearnVuejs", "LearnVuejs\LearnVuejs.csproj", "{22E718F8-5635-4AE3-9491-095B4DB0B58D}"
EndProject
Global
	GlobalSection(SolutionConfigurationPlatforms) = preSolution
		Debug|Any CPU = Debug|Any CPU
		Release|Any CPU = Release|Any CPU
	EndGlobalSection
	GlobalSection(ProjectConfigurationPlatforms) = postSolution
		{22E718F8-5635-4AE3-9491-095B4DB0B58D}.Debug|Any CPU.ActiveCfg = Debug|Any CPU
		{22E718F8-5635-4AE3-9491-095B4DB0B58D}.Debug|Any CPU.Build.0 = Debug|Any CPU
		{22E718F8-5635-4AE3-9491-095B4DB0B58D}.Release|Any CPU.ActiveCfg = Release|Any CPU
		{22E718F8-5635-4AE3-9491-095B4DB0B58D}.Release|Any CPU.Build.0 = Release|Any CPU
	EndGlobalSection
	GlobalSection(SolutionProperties) = preSolution
		HideSolutionNode = FALSE
	EndGlobalSection
EndGlobal
